
Microsoft Visual Studio Solution File, Format Version 12.00
# Visual Studio Version 17
VisualStudioVersion = 17.7.34221.43
MinimumVisualStudioVersion = 10.0.40219.1
Project("{8BC9CEB8-8B4A-11D0-8D11-00A0C91BC942}") = "Groupwork", "Groupwork\Groupwork.vcxproj", "{4881E12C-25A3-46AA-9A3D-0D986404D241}"
EndProject
Global
	GlobalSection(SolutionConfigurationPlatforms) = preSolution
		Debug|x64 = Debug|x64
		Debug|x86 = Debug|x86
		Release|x64 = Release|x64
		Release|x86 = Release|x86
	EndGlobalSection
	GlobalSection(ProjectConfigurationPlatforms) = postSolution
		{4881E12C-25A3-46AA-9A3D-0D986404D241}.Debug|x64.ActiveCfg = Debug|x64
		{4881E12C-25A3-46AA-9A3D-0D986404D241}.Debug|x64.Build.0 = Debug|x64
		{4881E12C-25A3-46AA-9A3D-0D986404D241}.Debug|x86.ActiveCfg = Debug|Win32
		{4881E12C-25A3-46AA-9A3D-0D986404D241}.Debug|x86.Build.0 = Debug|Win32
		{4881E12C-25A3-46AA-9A3D-0D986404D241}.Release|x64.ActiveCfg = Release|x64
		{4881E12C-25A3-46AA-9A3D-0D986404D241}.Release|x64.Build.0 = Release|x64
		{4881E12C-25A3-46AA-9A3D-0D986404D241}.Release|x86.ActiveCfg = Release|Win32
		{4881E12C-25A3-46AA-9A3D-0D986404D241}.Release|x86.Build.0 = Release|Win32
	EndGlobalSection
	GlobalSection(SolutionProperties) = preSolution
		HideSolutionNode = FALSE
	EndGlobalSection
	GlobalSection(ExtensibilityGlobals) = postSolution
		SolutionGuid = {74D6F825-DD93-406F-A6B4-3908F8DF7FD7}
	EndGlobalSection
EndGlobal
